
Microsoft Visual Studio Solution File, Format Version 12.00
# Visual Studio 15
VisualStudioVersion = 15.0.28307.329
MinimumVisualStudioVersion = 10.0.40219.1
Project("{FAE04EC0-301F-11D3-BF4B-00C04F79EFBC}") = "AreasdeFigurasGeometricas", "AreasdeFigurasGeometricas\AreasdeFigurasGeometricas.csproj", "{A9C9B044-9BCF-4087-9D21-002F536F72A5}"
EndProject
Global
	GlobalSection(SolutionConfigurationPlatforms) = preSolution
		Debug|Any CPU = Debug|Any CPU
		Release|Any CPU = Release|Any CPU
	EndGlobalSection
	GlobalSection(ProjectConfigurationPlatforms) = postSolution
		{A9C9B044-9BCF-4087-9D21-002F536F72A5}.Debug|Any CPU.ActiveCfg = Debug|Any CPU
		{A9C9B044-9BCF-4087-9D21-002F536F72A5}.Debug|Any CPU.Build.0 = Debug|Any CPU
		{A9C9B044-9BCF-4087-9D21-002F536F72A5}.Release|Any CPU.ActiveCfg = Release|Any CPU
		{A9C9B044-9BCF-4087-9D21-002F536F72A5}.Release|Any CPU.Build.0 = Release|Any CPU
	EndGlobalSection
	GlobalSection(SolutionProperties) = preSolution
		HideSolutionNode = FALSE
	EndGlobalSection
	GlobalSection(ExtensibilityGlobals) = postSolution
		SolutionGuid = {1F0A8CCC-D120-4385-8DC1-3D02A209AD5B}
	EndGlobalSection
EndGlobal
